
Microsoft Visual Studio Solution File, Format Version 12.00
# Visual Studio 15
VisualStudioVersion = 15.0.28307.645
MinimumVisualStudioVersion = 10.0.40219.1
Project("{FAE04EC0-301F-11D3-BF4B-00C04F79EFBC}") = "TcpServer", "TcpServer\TcpServer.csproj", "{A8C7815C-A10E-4E54-A4C4-106E85EAA9A5}"
EndProject
Global
	GlobalSection(SolutionConfigurationPlatforms) = preSolution
		Debug|Any CPU = Debug|Any CPU
		Release|Any CPU = Release|Any CPU
	EndGlobalSection
	GlobalSection(ProjectConfigurationPlatforms) = postSolution
		{A8C7815C-A10E-4E54-A4C4-106E85EAA9A5}.Debug|Any CPU.ActiveCfg = Debug|Any CPU
		{A8C7815C-A10E-4E54-A4C4-106E85EAA9A5}.Debug|Any CPU.Build.0 = Debug|Any CPU
		{A8C7815C-A10E-4E54-A4C4-106E85EAA9A5}.Release|Any CPU.ActiveCfg = Release|Any CPU
		{A8C7815C-A10E-4E54-A4C4-106E85EAA9A5}.Release|Any CPU.Build.0 = Release|Any CPU
	EndGlobalSection
	GlobalSection(SolutionProperties) = preSolution
		HideSolutionNode = FALSE
	EndGlobalSection
	GlobalSection(ExtensibilityGlobals) = postSolution
		SolutionGuid = {237941AE-3412-4013-82C8-74FF3F1C61A9}
	EndGlobalSection
EndGlobal
